
Microsoft Visual Studio Solution File, Format Version 12.00
# Visual Studio Version 17
VisualStudioVersion = 17.13.35818.85
MinimumVisualStudioVersion = 10.0.40219.1
Project("{FAE04EC0-301F-11D3-BF4B-00C04F79EFBC}") = "WebAppCore", "WebAppCore\WebAppCore.csproj", "{004F2374-F461-41AD-951B-D15D58B66BD3}"
EndProject
Project("{FAE04EC0-301F-11D3-BF4B-00C04F79EFBC}") = "SlayLib", "SlayLib\SlayLib.csproj", "{34EC2FF4-5AEE-44B8-82BA-B6155FC6E0F4}"
EndProject
Global
	GlobalSection(SolutionConfigurationPlatforms) = preSolution
		Debug|Any CPU = Debug|Any CPU
		Release|Any CPU = Release|Any CPU
	EndGlobalSection
	GlobalSection(ProjectConfigurationPlatforms) = postSolution
		{004F2374-F461-41AD-951B-D15D58B66BD3}.Debug|Any CPU.ActiveCfg = Debug|Any CPU
		{004F2374-F461-41AD-951B-D15D58B66BD3}.Debug|Any CPU.Build.0 = Debug|Any CPU
		{004F2374-F461-41AD-951B-D15D58B66BD3}.Release|Any CPU.ActiveCfg = Release|Any CPU
		{004F2374-F461-41AD-951B-D15D58B66BD3}.Release|Any CPU.Build.0 = Release|Any CPU
		{34EC2FF4-5AEE-44B8-82BA-B6155FC6E0F4}.Debug|Any CPU.ActiveCfg = Debug|Any CPU
		{34EC2FF4-5AEE-44B8-82BA-B6155FC6E0F4}.Debug|Any CPU.Build.0 = Debug|Any CPU
		{34EC2FF4-5AEE-44B8-82BA-B6155FC6E0F4}.Release|Any CPU.ActiveCfg = Release|Any CPU
		{34EC2FF4-5AEE-44B8-82BA-B6155FC6E0F4}.Release|Any CPU.Build.0 = Release|Any CPU
	EndGlobalSection
	GlobalSection(SolutionProperties) = preSolution
		HideSolutionNode = FALSE
	EndGlobalSection
	GlobalSection(ExtensibilityGlobals) = postSolution
		SolutionGuid = {28973E32-7AA5-4063-B63A-1AEA39995FE2}
	EndGlobalSection
EndGlobal
